
Microsoft Visual Studio Solution File, Format Version 12.00
# Visual Studio Version 18
VisualStudioVersion = 18.7.11919.86 stable
MinimumVisualStudioVersion = 10.0.40219.1
Project("{FAE04EC0-301F-11D3-BF4B-00C04F79EFBC}") = "BiketrackerFrontend", "BiketrackerFrontend\BiketrackerFrontend.csproj", "{D644B408-D86A-4799-BA79-F8B45632E382}"
EndProject
Global
	GlobalSection(SolutionConfigurationPlatforms) = preSolution
		Debug|Any CPU = Debug|Any CPU
		Release|Any CPU = Release|Any CPU
	EndGlobalSection
	GlobalSection(ProjectConfigurationPlatforms) = postSolution
		{D644B408-D86A-4799-BA79-F8B45632E382}.Debug|Any CPU.ActiveCfg = Debug|Any CPU
		{D644B408-D86A-4799-BA79-F8B45632E382}.Debug|Any CPU.Build.0 = Debug|Any CPU
		{D644B408-D86A-4799-BA79-F8B45632E382}.Release|Any CPU.ActiveCfg = Release|Any CPU
		{D644B408-D86A-4799-BA79-F8B45632E382}.Release|Any CPU.Build.0 = Release|Any CPU
	EndGlobalSection
	GlobalSection(SolutionProperties) = preSolution
		HideSolutionNode = FALSE
	EndGlobalSection
	GlobalSection(ExtensibilityGlobals) = postSolution
		SolutionGuid = {04E86616-7FCA-4030-9104-4EBDCE01029D}
	EndGlobalSection
EndGlobal
